PODS:
  - FBRetainCycleDetector (0.1.4)
  - MLeaksFinder (1.0.0):
    - FBRetainCycleDetector
  - SDWebImage (4.4.2):
    - SDWebImage/Core (= 4.4.2)
  - SDWebImage/Core (4.4.2)

DEPENDENCIES:
  - MLeaksFinder
  - SDWebImage

SPEC REPOS:
  https://github.com/cocoapods/specs.git:
    - FBRetainCycleDetector
    - MLeaksFinder
    - SDWebImage

SPEC CHECKSUMS:
  FBRetainCycleDetector: 46f8179bbb1c587deee3ea838a1a3ee02acf5015
  MLeaksFinder: 8c435bd2f6d070af18cff082b503b21adc130fc0
  SDWebImage: 624d6e296c69b244bcede364c72ae0430ac14681

PODFILE CHECKSUM: 6af6e3714d194494325c0a052378bdeb68741795

COCOAPODS: 1.5.3
